// !$*UTF8*$!
{
	archiveVersion = 1;
	classes = {
	};
	objectVersion = 46;
	objects = {

/* Begin PBXBuildFile section */
		34DB90591B3A44BF001590C9 /* main.m in Sources */ = {isa = PBXBuildFile; fileRef = 34DB90581B3A44BF001590C9 /* main.m */; };
		34DB905C1B3A44BF001590C9 /* AppDelegate.m in Sources */ = {isa = PBXBuildFile; fileRef = 34DB905B1B3A44BF001590C9 /* AppDelegate.m */; };
		34DB905F1B3A44BF001590C9 /* ViewController.m in Sources */ = {isa = PBXBuildFile; fileRef = 34DB905E1B3A44BF001590C9 /* ViewController.m */; };
		34DB90621B3A44BF001590C9 /* Main.storyboard in Resources */ = {isa = PBXBuildFile; fileRef = 34DB90601B3A44BF001590C9 /* Main.storyboard */; };
		34DB90641B3A44BF001590C9 /* Images.xcassets in Resources */ = {isa = PBXBuildFile; fileRef = 34DB90631B3A44BF001590C9 /* Images.xcassets */; };
		34DB90671B3A44BF001590C9 /* LaunchScreen.xib in Resources */ = {isa = PBXBuildFile; fileRef = 34DB90651B3A44BF001590C9 /* LaunchScreen.xib */; };
		34DB90731B3A44BF001590C9 /* LearnGitTestTests.m in Sources */ = {isa = PBXBuildFile; fileRef = 34DB90721B3A44BF001590C9 /* LearnGitTestTests.m */; };
/* End PBXBuildFile section */

/* Begin PBXContainerItemProxy section */
		34DB906D1B3A44BF001590C9 /* PBXContainerItemProxy */ = {
			isa = PBXContainerItemProxy;
			containerPortal = 34DB904B1B3A44BF001590C9 /* Project object */;
			proxyType = 1;
			remoteGlobalIDString = 34DB90521B3A44BF001590C9;
			remoteInfo = LearnGitTest;
		};
/* End PBXContainerItemProxy section */

/* Begin PBXFileReference section */
		34DB90531B3A44BF001590C9 /* LearnGitTest.app */ = {isa = PBXFileReference; explicitFileType = wrapper.application; includeInIndex = 0; path = LearnGitTest.app; sourceTree = BUILT_PRODUCTS_DIR; };
		34DB90571B3A44BF001590C9 /* Info.plist */ = {isa = PBXFileReference; lastKnownFileType = text.plist.xml; path = Info.plist; sourceTree = "<group>"; };
		34DB90581B3A44BF001590C9 /* main.m */ = {isa = PBXFileReference; lastKnownFileType = sourcecode.c.objc; path = main.m; sourceTree = "<group>"; };
		34DB905A1B3A44BF001590C9 /* AppDelegate.h */ = {isa = PBXFileReference; lastKnownFileType = sourcecode.c.h; path = AppDelegate.h; sourceTree = "<group>"; };
		34DB905B1B3A44BF001590C9 /* AppDelegate.m */ = {isa = PBXFileReference; lastKnownFileType = sourcecode.c.objc; path = AppDelegate.m; sourceTree = "<group>"; };
		34DB905D1B3A44BF001590C9 /* ViewController.h */ = {isa = PBXFileReference; lastKnownFileType = sourcecode.c.h; path = ViewController.h; sourceTree = "<group>"; };
		34DB905E1B3A44BF001590C9 /* ViewController.m */ = {isa = PBXFileReference; lastKnownFileType = sourcecode.c.objc; path = ViewController.m; sourceTree = "<group>"; };
		34DB90611B3A44BF001590C9 /* Base */ = {isa = PBXFileReference; lastKnownFileType = file.storyboard; name = Base; path = Base.lproj/Main.storyboard; sourceTree = "<group>"; };
		34DB90631B3A44BF001590C9 /* Images.xcassets */ = {isa = PBXFileReference; lastKnownFileType = folder.assetcatalog; path = Images.xcassets; sourceTree = "<group>"; };
		34DB90661B3A44BF001590C9 /* Base */ = {isa = PBXFileReference; lastKnownFileType = file.xib; name = Base; path = Base.lproj/LaunchScreen.xib; sourceTree = "<group>"; };
		34DB906C1B3A44BF001590C9 /* LearnGitTestTests.xctest */ = {isa = PBXFileReference; explicitFileType = wrapper.cfbundle; includeInIndex = 0; path = LearnGitTestTests.xctest; sourceTree = BUILT_PRODUCTS_DIR; };
		34DB90711B3A44BF001590C9 /* Info.plist */ = {isa = PBXFileReference; lastKnownFileType = text.plist.xml; path = Info.plist; sourceTree = "<group>"; };
		34DB90721B3A44BF001590C9 /* LearnGitTestTests.m */ = {isa = PBXFileReference; lastKnownFileType = sourcecode.c.objc; path = LearnGitTestTests.m; sourceTree = "<group>"; };
/* End PBXFileReference section */

/* Begin PBXFrameworksBuildPhase section */
		34DB90501B3A44BF001590C9 /* Frameworks */ = {
			isa = PBXFrameworksBuildPhase;
			buildActionMask = 2147483647;
			files = (
			);
			runOnlyForDeploymentPostprocessing = 0;
		};
		34DB90691B3A44BF001590C9 /* Frameworks */ = {
			isa = PBXFrameworksBuildPhase;
			buildActionMask = 2147483647;
			files = (
			);
			runOnlyForDeploymentPostprocessing = 0;
		};
/* End PBXFrameworksBuildPhase section */

/* Begin PBXGroup section */
		34DB904A1B3A44BF001590C9 = {
			isa = PBXGroup;
			children = (
				34DB90551B3A44BF001590C9 /* LearnGitTest */,
				34DB906F1B3A44BF001590C9 /* LearnGitTestTests */,
				34DB90541B3A44BF001590C9 /* Products */,
			);
			sourceTree = "<group>";
		};
		34DB90541B3A44BF001590C9 /* Products */ = {
			isa = PBXGroup;
			children = (
				34DB90531B3A44BF001590C9 /* LearnGitTest.app */,
				34DB906C1B3A44BF001590C9 /* LearnGitTestTests.xctest */,
			);
			name = Products;
			sourceTree = "<group>";
		};
		34DB90551B3A44BF001590C9 /* LearnGitTest */ = {
			isa = PBXGroup;
			children = (
				34DB905A1B3A44BF001590C9 /* AppDelegate.h */,
				34DB905B1B3A44BF001590C9 /* AppDelegate.m */,
				34DB905D1B3A44BF001590C9 /* ViewController.h */,
				34DB905E1B3A44BF001590C9 /* ViewController.m */,
				34DB90601B3A44BF001590C9 /* Main.storyboard */,
				34DB90631B3A44BF001590C9 /* Images.xcassets */,
				34DB90651B3A44BF001590C9 /* LaunchScreen.xib */,
				34DB90561B3A44BF001590C9 /* Supporting Files */,
			);
			path = LearnGitTest;
			sourceTree = "<group>";
		};
		34DB90561B3A44BF001590C9 /* Supporting Files */ = {
			isa = PBXGroup;
			children = (
				34DB90571B3A44BF001590C9 /* Info.plist */,
				34DB90581B3A44BF001590C9 /* main.m */,
			);
			name = "Supporting Files";
			sourceTree = "<group>";
		};
		34DB906F1B3A44BF001590C9 /* LearnGitTestTests */ = {
			isa = PBXGroup;
			children = (
				34DB90721B3A44BF001590C9 /* LearnGitTestTests.m */,
				34DB90701B3A44BF001590C9 /* Supporting Files */,
			);
			path = LearnGitTestTests;
			sourceTree = "<group>";
		};
		34DB90701B3A44BF001590C9 /* Supporting Files */ = {
			isa = PBXGroup;
			children = (
				34DB90711B3A44BF001590C9 /* Info.plist */,
			);
			name = "Supporting Files";
			sourceTree = "<group>";
		};
/* End PBXGroup section */

/* Begin PBXNativeTarget section */
		34DB90521B3A44BF001590C9 /* LearnGitTest */ = {
			isa = PBXNativeTarget;
			buildConfigurationList = 34DB90761B3A44BF001590C9 /* Build configuration list for PBXNativeTarget "LearnGitTest" */;
			buildPhases = (
				34DB904F1B3A44BF001590C9 /* Sources */,
				34DB90501B3A44BF001590C9 /* Frameworks */,
				34DB90511B3A44BF001590C9 /* Resources */,
			);
			buildRules = (
			);
			dependencies = (
			);
			name = LearnGitTest;
			productName = LearnGitTest;
			productReference = 34DB90531B3A44BF001590C9 /* LearnGitTest.app */;
			productType = "com.apple.product-type.application";
		};
		34DB906B1B3A44BF001590C9 /* LearnGitTestTests */ = {
			isa = PBXNativeTarget;
			buildConfigurationList = 34DB90791B3A44BF001590C9 /* Build configuration list for PBXNativeTarget "LearnGitTestTests" */;
			buildPhases = (
				34DB90681B3A44BF001590C9 /* Sources */,
				34DB90691B3A44BF001590C9 /* Frameworks */,
				34DB906A1B3A44BF001590C9 /* Resources */,
			);
			buildRules = (
			);
			dependencies = (
				34DB906E1B3A44BF001590C9 /* PBXTargetDependency */,
			);
			name = LearnGitTestTests;
			productName = LearnGitTestTests;
			productReference = 34DB906C1B3A44BF001590C9 /* LearnGitTestTests.xctest */;
			productType = "com.apple.product-type.bundle.unit-test";
		};
/* End PBXNativeTarget section */

/* Begin PBXProject section */
		34DB904B1B3A44BF001590C9 /* Project object */ = {
			isa = PBXProject;
			attributes = {
				LastUpgradeCheck = 0610;
				ORGANIZATIONNAME = lanou3G.com;
				TargetAttributes = {
					34DB90521B3A44BF001590C9 = {
						CreatedOnToolsVersion = 6.1;
					};
					34DB906B1B3A44BF001590C9 = {
						CreatedOnToolsVersion = 6.1;
						TestTargetID = 34DB90521B3A44BF001590C9;
					};
				};
			};
			buildConfigurationList = 34DB904E1B3A44BF001590C9 /* Build configuration list for PBXProject "LearnGitTest" */;
			compatibilityVersion = "Xcode 3.2";
			developmentRegion = English;
			hasScannedForEncodings = 0;
			knownRegions = (
				en,
				Base,
			);
			mainGroup = 34DB904A1B3A44BF001590C9;
			productRefGroup = 34DB90541B3A44BF001590C9 /* Products */;
			projectDirPath = "";
			projectRoot = "";
			targets = (
				34DB90521B3A44BF001590C9 /* LearnGitTest */,
				34DB906B1B3A44BF001590C9 /* LearnGitTestTests */,
			);
		};
/* End PBXProject section */

/* Begin PBXResourcesBuildPhase section */
		34DB90511B3A44BF001590C9 /* Resources */ = {
			isa = PBXResourcesBuildPhase;
			buildActionMask = 2147483647;
			files = (
				34DB90621B3A44BF001590C9 /* Main.storyboard in Resources */,
				34DB90671B3A44BF001590C9 /* LaunchScreen.xib in Resources */,
				34DB90641B3A44BF001590C9 /* Images.xcassets in Resources */,
			);
			runOnlyForDeploymentPostprocessing = 0;
		};
		34DB906A1B3A44BF001590C9 /* Resources */ = {
			isa = PBXResourcesBuildPhase;
			buildActionMask = 2147483647;
			files = (
			);
			runOnlyForDeploymentPostprocessing = 0;
		};
/* End PBXResourcesBuildPhase section */

/* Begin PBXSourcesBuildPhase section */
		34DB904F1B3A44BF001590C9 /* Sources */ = {
			isa = PBXSourcesBuildPhase;
			buildActionMask = 2147483647;
			files = (
				34DB905F1B3A44BF001590C9 /* ViewController.m in Sources */,
				34DB905C1B3A44BF001590C9 /* AppDelegate.m in Sources */,
				34DB90591B3A44BF001590C9 /* main.m in Sources */,
			);
			runOnlyForDeploymentPostprocessing = 0;
		};
		34DB90681B3A44BF001590C9 /* Sources */ = {
			isa = PBXSourcesBuildPhase;
			buildActionMask = 2147483647;
			files = (
				34DB90731B3A44BF001590C9 /* LearnGitTestTests.m in Sources */,
			);
			runOnlyForDeploymentPostprocessing = 0;
		};
/* End PBXSourcesBuildPhase section */

/* Begin PBXTargetDependency section */
		34DB906E1B3A44BF001590C9 /* PBXTargetDependency */ = {
			isa = PBXTargetDependency;
			target = 34DB90521B3A44BF001590C9 /* LearnGitTest */;
			targetProxy = 34DB906D1B3A44BF001590C9 /* PBXContainerItemProxy */;
		};
/* End PBXTargetDependency section */

/* Begin PBXVariantGroup section */
		34DB90601B3A44BF001590C9 /* Main.storyboard */ = {
			isa = PBXVariantGroup;
			children = (
				34DB90611B3A44BF001590C9 /* Base */,
			);
			name = Main.storyboard;
			sourceTree = "<group>";
		};
		34DB90651B3A44BF001590C9 /* LaunchScreen.xib */ = {
			isa = PBXVariantGroup;
			children = (
				34DB90661B3A44BF001590C9 /* Base */,
			);
			name = LaunchScreen.xib;
			sourceTree = "<group>";
		};
/* End PBXVariantGroup section */

/* Begin XCBuildConfiguration section */
		34DB90741B3A44BF001590C9 /* Debug */ = {
			isa = XCBuildConfiguration;
			buildSettings = {
				ALWAYS_SEARCH_USER_PATHS = NO;
				CLANG_CXX_LANGUAGE_STANDARD = "gnu++0x";
				CLANG_CXX_LIBRARY = "libc++";
				CLANG_ENABLE_MODULES = YES;
				CLANG_ENABLE_OBJC_ARC = YES;
				CLANG_WARN_BOOL_CONVERSION = YES;
				CLANG_WARN_CONSTANT_CONVERSION = YES;
				CLANG_WARN_DIRECT_OBJC_ISA_USAGE = YES_ERROR;
				CLANG_WARN_EMPTY_BODY = YES;
				CLANG_WARN_ENUM_CONVERSION = YES;
				CLANG_WARN_INT_CONVERSION = YES;
				CLANG_WARN_OBJC_ROOT_CLASS = YES_ERROR;
				CLANG_WARN_UNREACHABLE_CODE = YES;
				CLANG_WARN__DUPLICATE_METHOD_MATCH = YES;
				"CODE_SIGN_IDENTITY[sdk=iphoneos*]" = "iPhone Developer";
				COPY_PHASE_STRIP = NO;
				ENABLE_STRICT_OBJC_MSGSEND = YES;
				GCC_C_LANGUAGE_STANDARD = gnu99;
				GCC_DYNAMIC_NO_PIC = NO;
				GCC_OPTIMIZATION_LEVEL = 0;
				GCC_PREPROCESSOR_DEFINITIONS = (
					"DEBUG=1",
					"$(inherited)",
				);
				GCC_SYMBOLS_PRIVATE_EXTERN = NO;
				GCC_WARN_64_TO_32_BIT_CONVERSION = YES;
				GCC_WARN_ABOUT_RETURN_TYPE = YES_ERROR;
				GCC_WARN_UNDECLARED_SELECTOR = YES;
				GCC_WARN_UNINITIALIZED_AUTOS = YES_AGGRESSIVE;
				GCC_WARN_UNUSED_FUNCTION = YES;
				GCC_WARN_UNUSED_VARIABLE = YES;
				IPHONEOS_DEPLOYMENT_TARGET = 8.1;
				MTL_ENABLE_DEBUG_INFO = YES;
				ONLY_ACTIVE_ARCH = YES;
				SDKROOT = iphoneos;
			};
			name = Debug;
		};
		34DB90751B3A44BF001590C9 /* Release */ = {
			isa = XCBuildConfiguration;
			buildSettings = {
				ALWAYS_SEARCH_USER_PATHS = NO;
				CLANG_CXX_LANGUAGE_STANDARD = "gnu++0x";
				CLANG_CXX_LIBRARY = "libc++";
				CLANG_ENABLE_MODULES = YES;
				CLANG_ENABLE_OBJC_ARC = YES;
				CLANG_WARN_BOOL_CONVERSION = YES;
				CLANG_WARN_CONSTANT_CONVERSION = YES;
				CLANG_WARN_DIRECT_OBJC_ISA_USAGE = YES_ERROR;
				CLANG_WARN_EMPTY_BODY = YES;
				CLANG_WARN_ENUM_CONVERSION = YES;
				CLANG_WARN_INT_CONVERSION = YES;
				CLANG_WARN_OBJC_ROOT_CLASS = YES_ERROR;
				CLANG_WARN_UNREACHABLE_CODE = YES;
				CLANG_WARN__DUPLICATE_METHOD_MATCH = YES;
				"CODE_SIGN_IDENTITY[sdk=iphoneos*]" = "iPhone Developer";
				COPY_PHASE_STRIP = YES;
				ENABLE_NS_ASSERTIONS = NO;
				ENABLE_STRICT_OBJC_MSGSEND = YES;
				GCC_C_LANGUAGE_STANDARD = gnu99;
				GCC_WARN_64_TO_32_BIT_CONVERSION = YES;
				GCC_WARN_ABOUT_RETURN_TYPE = YES_ERROR;
				GCC_WARN_UNDECLARED_SELECTOR = YES;
				GCC_WARN_UNINITIALIZED_AUTOS = YES_AGGRESSIVE;
				GCC_WARN_UNUSED_FUNCTION = YES;
				GCC_WARN_UNUSED_VARIABLE = YES;
				IPHONEOS_DEPLOYMENT_TARGET = 8.1;
				MTL_ENABLE_DEBUG_INFO = NO;
				SDKROOT = iphoneos;
				VALIDATE_PRODUCT = YES;
			};
			name = Release;
		};
		34DB90771B3A44BF001590C9 /* Debug */ = {
			isa = XCBuildConfiguration;
			buildSettings = {
				ASSETCATALOG_COMPILER_APPICON_NAME = AppIcon;
				INFOPLIST_FILE = LearnGitTest/Info.plist;
				LD_RUNPATH_SEARCH_PATHS = "$(inherited) @executable_path/Frameworks";
				PRODUCT_NAME = "$(TARGET_NAME)";
			};
			name = Debug;
		};
		34DB90781B3A44BF001590C9 /* Release */ = {
			isa = XCBuildConfiguration;
			buildSettings = {
				ASSETCATALOG_COMPILER_APPICON_NAME = AppIcon;
				INFOPLIST_FILE = LearnGitTest/Info.plist;
				LD_RUNPATH_SEARCH_PATHS = "$(inherited) @executable_path/Frameworks";
				PRODUCT_NAME = "$(TARGET_NAME)";
			};
			name = Release;
		};
		34DB907A1B3A44BF001590C9 /* Debug */ = {
			isa = XCBuildConfiguration;
			buildSettings = {
				BUNDLE_LOADER = "$(TEST_HOST)";
				FRAMEWORK_SEARCH_PATHS = (
					"$(SDKROOT)/Developer/Library/Frameworks",
					"$(inherited)",
				);
				GCC_PREPROCESSOR_DEFINITIONS = (
					"DEBUG=1",
					"$(inherited)",
				);
				INFOPLIST_FILE = LearnGitTestTests/Info.plist;
				LD_RUNPATH_SEARCH_PATHS = "$(inherited) @executable_path/Frameworks @loader_path/Frameworks";
				PRODUCT_NAME = "$(TARGET_NAME)";
				TEST_HOST = "$(BUILT_PRODUCTS_DIR)/LearnGitTest.app/LearnGitTest";
			};
			name = Debug;
		};
		34DB907B1B3A44BF001590C9 /* Release */ = {
			isa = XCBuildConfiguration;
			buildSettings = {
				BUNDLE_LOADER = "$(TEST_HOST)";
				FRAMEWORK_SEARCH_PATHS = (
					"$(SDKROOT)/Developer/Library/Frameworks",
					"$(inherited)",
				);
				INFOPLIST_FILE = LearnGitTestTests/Info.plist;
				LD_RUNPATH_SEARCH_PATHS = "$(inherited) @executable_path/Frameworks @loader_path/Frameworks";
				PRODUCT_NAME = "$(TARGET_NAME)";
				TEST_HOST = "$(BUILT_PRODUCTS_DIR)/LearnGitTest.app/LearnGitTest";
			};
			name = Release;
		};
/* End XCBuildConfiguration section */

/* Begin XCConfigurationList section */
		34DB904E1B3A44BF001590C9 /* Build configuration list for PBXProject "LearnGitTest" */ = {
			isa = XCConfigurationList;
			buildConfigurations = (
				34DB90741B3A44BF001590C9 /* Debug */,
				34DB90751B3A44BF001590C9 /* Release */,
			);
			defaultConfigurationIsVisible = 0;
			defaultConfigurationName = Release;
		};
		34DB90761B3A44BF001590C9 /* Build configuration list for PBXNativeTarget "LearnGitTest" */ = {
			isa = XCConfigurationList;
			buildConfigurations = (
				34DB90771B3A44BF001590C9 /* Debug */,
				34DB90781B3A44BF001590C9 /* Release */,
			);
			defaultConfigurationIsVisible = 0;
		};
		34DB90791B3A44BF001590C9 /* Build configuration list for PBXNativeTarget "LearnGitTestTests" */ = {
			isa = XCConfigurationList;
			buildConfigurations = (
				34DB907A1B3A44BF001590C9 /* Debug */,
				34DB907B1B3A44BF001590C9 /* Release */,
			);
			defaultConfigurationIsVisible = 0;
		};
/* End XCConfigurationList section */
	};
	rootObject = 34DB904B1B3A44BF001590C9 /* Project object */;
}
